
Microsoft Visual Studio Solution File, Format Version 12.00
# Visual Studio Version 17
VisualStudioVersion = 17.2.32616.157
MinimumVisualStudioVersion = 10.0.40219.1
Project("{FAE04EC0-301F-11D3-BF4B-00C04F79EFBC}") = "cubeLauncher", "cubeLauncher.csproj", "{5549CF7B-AE86-4916-B6AA-72415E9D4C73}"
EndProject
Global
	GlobalSection(SolutionConfigurationPlatforms) = preSolution
		Debug|Any CPU = Debug|Any CPU
		Release|Any CPU = Release|Any CPU
	EndGlobalSection
	GlobalSection(ProjectConfigurationPlatforms) = postSolution
		{5549CF7B-AE86-4916-B6AA-72415E9D4C73}.Debug|Any CPU.ActiveCfg = Debug|Any CPU
		{5549CF7B-AE86-4916-B6AA-72415E9D4C73}.Debug|Any CPU.Build.0 = Debug|Any CPU
		{5549CF7B-AE86-4916-B6AA-72415E9D4C73}.Release|Any CPU.ActiveCfg = Release|Any CPU
		{5549CF7B-AE86-4916-B6AA-72415E9D4C73}.Release|Any CPU.Build.0 = Release|Any CPU
	EndGlobalSection
	GlobalSection(SolutionProperties) = preSolution
		HideSolutionNode = FALSE
	EndGlobalSection
	GlobalSection(ExtensibilityGlobals) = postSolution
		SolutionGuid = {E7D366E9-8D3C-4673-8578-BC928E0877B0}
	EndGlobalSection
EndGlobal
